
Microsoft Visual Studio Solution File, Format Version 12.00
# Visual Studio Version 16
VisualStudioVersion = 16.0.30804.86
MinimumVisualStudioVersion = 10.0.40219.1
Project("{FAE04EC0-301F-11D3-BF4B-00C04F79EFBC}") = "ReqMake", "ReqMake\ReqMake.csproj", "{38C4EAE7-81A4-49FA-B029-6CF5AA2CA772}"
EndProject
Global
	GlobalSection(SolutionConfigurationPlatforms) = preSolution
		Debug|Any CPU = Debug|Any CPU
		Release|Any CPU = Release|Any CPU
	EndGlobalSection
	GlobalSection(ProjectConfigurationPlatforms) = postSolution
		{38C4EAE7-81A4-49FA-B029-6CF5AA2CA772}.Debug|Any CPU.ActiveCfg = Debug|Any CPU
		{38C4EAE7-81A4-49FA-B029-6CF5AA2CA772}.Debug|Any CPU.Build.0 = Debug|Any CPU
		{38C4EAE7-81A4-49FA-B029-6CF5AA2CA772}.Release|Any CPU.ActiveCfg = Release|Any CPU
		{38C4EAE7-81A4-49FA-B029-6CF5AA2CA772}.Release|Any CPU.Build.0 = Release|Any CPU
	EndGlobalSection
	GlobalSection(SolutionProperties) = preSolution
		HideSolutionNode = FALSE
	EndGlobalSection
	GlobalSection(ExtensibilityGlobals) = postSolution
		SolutionGuid = {5EA4F43A-C642-4DA2-9821-4658C1A6D4E0}
	EndGlobalSection
EndGlobal
